
Microsoft Visual Studio Solution File, Format Version 12.00
# Visual Studio 2012
Project("{FAE04EC0-301F-11D3-BF4B-00C04F79EFBC}") = "Armchair_rest_server", "Armchair_rest_server\Armchair_rest_server.csproj", "{87460502-29C5-467D-A63C-BA1CADB1C372}"
EndProject
Project("{FAE04EC0-301F-11D3-BF4B-00C04F79EFBC}") = "Armchair_rest_server.Tests", "Armchair_rest_server.Tests\Armchair_rest_server.Tests.csproj", "{EDAC93B0-C028-44DF-87D8-8616811D59DF}"
EndProject
Global
	GlobalSection(SolutionConfigurationPlatforms) = preSolution
		Debug|Any CPU = Debug|Any CPU
		Release|Any CPU = Release|Any CPU
	EndGlobalSection
	GlobalSection(ProjectConfigurationPlatforms) = postSolution
		{87460502-29C5-467D-A63C-BA1CADB1C372}.Debug|Any CPU.ActiveCfg = Debug|Any CPU
		{87460502-29C5-467D-A63C-BA1CADB1C372}.Debug|Any CPU.Build.0 = Debug|Any CPU
		{87460502-29C5-467D-A63C-BA1CADB1C372}.Release|Any CPU.ActiveCfg = Release|Any CPU
		{87460502-29C5-467D-A63C-BA1CADB1C372}.Release|Any CPU.Build.0 = Release|Any CPU
		{EDAC93B0-C028-44DF-87D8-8616811D59DF}.Debug|Any CPU.ActiveCfg = Debug|Any CPU
		{EDAC93B0-C028-44DF-87D8-8616811D59DF}.Debug|Any CPU.Build.0 = Debug|Any CPU
		{EDAC93B0-C028-44DF-87D8-8616811D59DF}.Release|Any CPU.ActiveCfg = Release|Any CPU
		{EDAC93B0-C028-44DF-87D8-8616811D59DF}.Release|Any CPU.Build.0 = Release|Any CPU
	EndGlobalSection
	GlobalSection(SolutionProperties) = preSolution
		HideSolutionNode = FALSE
	EndGlobalSection
EndGlobal
